// !$*UTF8*$!
{
	archiveVersion = 1;
	classes = {
	};
	objectVersion = 46;
	objects = {

/* Begin PBXBuildFile section */
		A234F0F119908E6700085D7D /* Foundation.framework in Frameworks */ = {isa = PBXBuildFile; fileRef = A234F0F019908E6700085D7D /* Foundation.framework */; };
		A234F0F319908E6700085D7D /* CoreGraphics.framework in Frameworks */ = {isa = PBXBuildFile; fileRef = A234F0F219908E6700085D7D /* CoreGraphics.framework */; };
		A234F0F519908E6700085D7D /* UIKit.framework in Frameworks */ = {isa = PBXBuildFile; fileRef = A234F0F419908E6700085D7D /* UIKit.framework */; };
		A234F0FB19908E6800085D7D /* InfoPlist.strings in Resources */ = {isa = PBXBuildFile; fileRef = A234F0F919908E6800085D7D /* InfoPlist.strings */; };
		A234F0FD19908E6800085D7D /* main.m in Sources */ = {isa = PBXBuildFile; fileRef = A234F0FC19908E6800085D7D /* main.m */; };
		A234F10119908E6800085D7D /* AppDelegate.m in Sources */ = {isa = PBXBuildFile; fileRef = A234F10019908E6800085D7D /* AppDelegate.m */; };
		A234F10419908E6800085D7D /* Main_iPhone.storyboard in Resources */ = {isa = PBXBuildFile; fileRef = A234F10219908E6800085D7D /* Main_iPhone.storyboard */; };
		A234F10719908E6800085D7D /* Main_iPad.storyboard in Resources */ = {isa = PBXBuildFile; fileRef = A234F10519908E6800085D7D /* Main_iPad.storyboard */; };
		A234F10C19908E6800085D7D /* Images.xcassets in Resources */ = {isa = PBXBuildFile; fileRef = A234F10B19908E6800085D7D /* Images.xcassets */; };
		A234F11319908E6800085D7D /* XCTest.framework in Frameworks */ = {isa = PBXBuildFile; fileRef = A234F11219908E6800085D7D /* XCTest.framework */; };
		A234F11419908E6800085D7D /* Foundation.framework in Frameworks */ = {isa = PBXBuildFile; fileRef = A234F0F019908E6700085D7D /* Foundation.framework */; };
		A234F11519908E6800085D7D /* UIKit.framework in Frameworks */ = {isa = PBXBuildFile; fileRef = A234F0F419908E6700085D7D /* UIKit.framework */; };
		A234F11D19908E6800085D7D /* InfoPlist.strings in Resources */ = {isa = PBXBuildFile; fileRef = A234F11B19908E6800085D7D /* InfoPlist.strings */; };
		A234F11F19908E6800085D7D /* CameraTaskTests.m in Sources */ = {isa = PBXBuildFile; fileRef = A234F11E19908E6800085D7D /* CameraTaskTests.m */; };
		A234F1311990A27100085D7D /* CTRootTabbarViewController.m in Sources */ = {isa = PBXBuildFile; fileRef = A234F1301990A27100085D7D /* CTRootTabbarViewController.m */; };
		A234F1401990A36400085D7D /* CTAudioTableViewController.m in Sources */ = {isa = PBXBuildFile; fileRef = A234F13F1990A36400085D7D /* CTAudioTableViewController.m */; };
		A234F1431990A37700085D7D /* CTPhotoTableViewController.m in Sources */ = {isa = PBXBuildFile; fileRef = A234F1421990A37700085D7D /* CTPhotoTableViewController.m */; };
		A234F1461990A38500085D7D /* CTVideoTableViewController.m in Sources */ = {isa = PBXBuildFile; fileRef = A234F1451990A38500085D7D /* CTVideoTableViewController.m */; };
		A234F1491990A44E00085D7D /* CTRootNavigationController.m in Sources */ = {isa = PBXBuildFile; fileRef = A234F1481990A44E00085D7D /* CTRootNavigationController.m */; };
		A234F14C1990A84700085D7D /* CTItemModel.m in Sources */ = {isa = PBXBuildFile; fileRef = A234F14B1990A84700085D7D /* CTItemModel.m */; };
		A234F1541990B75E00085D7D /* icon-485.png in Resources */ = {isa = PBXBuildFile; fileRef = A234F1531990B75E00085D7D /* icon-485.png */; };
		A234F15E1990CAA900085D7D /* icon_audio@2x.png in Resources */ = {isa = PBXBuildFile; fileRef = A234F15B1990CAA900085D7D /* icon_audio@2x.png */; };
		A234F15F1990CAA900085D7D /* icon_photo@2x.png in Resources */ = {isa = PBXBuildFile; fileRef = A234F15C1990CAA900085D7D /* icon_photo@2x.png */; };
		A234F1601990CAA900085D7D /* icon_video@2x.png in Resources */ = {isa = PBXBuildFile; fileRef = A234F15D1990CAA900085D7D /* icon_video@2x.png */; };
/* End PBXBuildFile section */

/* Begin PBXContainerItemProxy section */
		A234F11619908E6800085D7D /* PBXContainerItemProxy */ = {
			isa = PBXContainerItemProxy;
			containerPortal = A234F0E519908E6700085D7D /* Project object */;
			proxyType = 1;
			remoteGlobalIDString = A234F0EC19908E6700085D7D;
			remoteInfo = CameraTask;
		};
/* End PBXContainerItemProxy section */

/* Begin PBXFileReference section */
		A234F0ED19908E6700085D7D /* CameraTask.app */ = {isa = PBXFileReference; explicitFileType = wrapper.application; includeInIndex = 0; path = CameraTask.app; sourceTree = BUILT_PRODUCTS_DIR; };
		A234F0F019908E6700085D7D /* Foundation.framework */ = {isa = PBXFileReference; lastKnownFileType = wrapper.framework; name = Foundation.framework; path = System/Library/Frameworks/Foundation.framework; sourceTree = SDKROOT; };
		A234F0F219908E6700085D7D /* CoreGraphics.framework */ = {isa = PBXFileReference; lastKnownFileType = wrapper.framework; name = CoreGraphics.framework; path = System/Library/Frameworks/CoreGraphics.framework; sourceTree = SDKROOT; };
		A234F0F419908E6700085D7D /* UIKit.framework */ = {isa = PBXFileReference; lastKnownFileType = wrapper.framework; name = UIKit.framework; path = System/Library/Frameworks/UIKit.framework; sourceTree = SDKROOT; };
		A234F0F819908E6800085D7D /* CameraTask-Info.plist */ = {isa = PBXFileReference; lastKnownFileType = text.plist.xml; path = "CameraTask-Info.plist"; sourceTree = "<group>"; };
		A234F0FA19908E6800085D7D /* en */ = {isa = PBXFileReference; lastKnownFileType = text.plist.strings; name = en; path = en.lproj/InfoPlist.strings; sourceTree = "<group>"; };
		A234F0FC19908E6800085D7D /* main.m */ = {isa = PBXFileReference; lastKnownFileType = sourcecode.c.objc; path = main.m; sourceTree = "<group>"; };
		A234F0FE19908E6800085D7D /* CameraTask-Prefix.pch */ = {isa = PBXFileReference; lastKnownFileType = sourcecode.c.h; path = "CameraTask-Prefix.pch"; sourceTree = "<group>"; };
		A234F0FF19908E6800085D7D /* AppDelegate.h */ = {isa = PBXFileReference; lastKnownFileType = sourcecode.c.h; path = AppDelegate.h; sourceTree = "<group>"; };
		A234F10019908E6800085D7D /* AppDelegate.m */ = {isa = PBXFileReference; lastKnownFileType = sourcecode.c.objc; path = AppDelegate.m; sourceTree = "<group>"; };
		A234F10319908E6800085D7D /* Base */ = {isa = PBXFileReference; lastKnownFileType = file.storyboard; name = Base; path = Base.lproj/Main_iPhone.storyboard; sourceTree = "<group>"; };
		A234F10619908E6800085D7D /* Base */ = {isa = PBXFileReference; lastKnownFileType = file.storyboard; name = Base; path = Base.lproj/Main_iPad.storyboard; sourceTree = "<group>"; };
		A234F10B19908E6800085D7D /* Images.xcassets */ = {isa = PBXFileReference; lastKnownFileType = folder.assetcatalog; path = Images.xcassets; sourceTree = "<group>"; };
		A234F11119908E6800085D7D /* CameraTaskTests.xctest */ = {isa = PBXFileReference; explicitFileType = wrapper.cfbundle; includeInIndex = 0; path = CameraTaskTests.xctest; sourceTree = BUILT_PRODUCTS_DIR; };
		A234F11219908E6800085D7D /* XCTest.framework */ = {isa = PBXFileReference; lastKnownFileType = wrapper.framework; name = XCTest.framework; path = Library/Frameworks/XCTest.framework; sourceTree = DEVELOPER_DIR; };
		A234F11A19908E6800085D7D /* CameraTaskTests-Info.plist */ = {isa = PBXFileReference; lastKnownFileType = text.plist.xml; path = "CameraTaskTests-Info.plist"; sourceTree = "<group>"; };
		A234F11C19908E6800085D7D /* en */ = {isa = PBXFileReference; lastKnownFileType = text.plist.strings; name = en; path = en.lproj/InfoPlist.strings; sourceTree = "<group>"; };
		A234F11E19908E6800085D7D /* CameraTaskTests.m */ = {isa = PBXFileReference; lastKnownFileType = sourcecode.c.objc; path = CameraTaskTests.m; sourceTree = "<group>"; };
		A234F12F1990A27100085D7D /* CTRootTabbarViewController.h */ = {isa = PBXFileReference; fileEncoding = 4; lastKnownFileType = sourcecode.c.h; path = CTRootTabbarViewController.h; sourceTree = "<group>"; };
		A234F1301990A27100085D7D /* CTRootTabbarViewController.m */ = {isa = PBXFileReference; fileEncoding = 4; lastKnownFileType = sourcecode.c.objc; path = CTRootTabbarViewController.m; sourceTree = "<group>"; };
		A234F13E1990A36400085D7D /* CTAudioTableViewController.h */ = {isa = PBXFileReference; fileEncoding = 4; lastKnownFileType = sourcecode.c.h; path = CTAudioTableViewController.h; sourceTree = "<group>"; };
		A234F13F1990A36400085D7D /* CTAudioTableViewController.m */ = {isa = PBXFileReference; fileEncoding = 4; lastKnownFileType = sourcecode.c.objc; path = CTAudioTableViewController.m; sourceTree = "<group>"; };
		A234F1411990A37700085D7D /* CTPhotoTableViewController.h */ = {isa = PBXFileReference; fileEncoding = 4; lastKnownFileType = sourcecode.c.h; path = CTPhotoTableViewController.h; sourceTree = "<group>"; };
		A234F1421990A37700085D7D /* CTPhotoTableViewController.m */ = {isa = PBXFileReference; fileEncoding = 4; lastKnownFileType = sourcecode.c.objc; path = CTPhotoTableViewController.m; sourceTree = "<group>"; };
		A234F1441990A38500085D7D /* CTVideoTableViewController.h */ = {isa = PBXFileReference; fileEncoding = 4; lastKnownFileType = sourcecode.c.h; path = CTVideoTableViewController.h; sourceTree = "<group>"; };
		A234F1451990A38500085D7D /* CTVideoTableViewController.m */ = {isa = PBXFileReference; fileEncoding = 4; lastKnownFileType = sourcecode.c.objc; path = CTVideoTableViewController.m; sourceTree = "<group>"; };
		A234F1471990A44E00085D7D /* CTRootNavigationController.h */ = {isa = PBXFileReference; fileEncoding = 4; lastKnownFileType = sourcecode.c.h; path = CTRootNavigationController.h; sourceTree = "<group>"; };
		A234F1481990A44E00085D7D /* CTRootNavigationController.m */ = {isa = PBXFileReference; fileEncoding = 4; lastKnownFileType = sourcecode.c.objc; path = CTRootNavigationController.m; sourceTree = "<group>"; };
		A234F14A1990A84700085D7D /* CTItemModel.h */ = {isa = PBXFileReference; fileEncoding = 4; lastKnownFileType = sourcecode.c.h; path = CTItemModel.h; sourceTree = "<group>"; };
		A234F14B1990A84700085D7D /* CTItemModel.m */ = {isa = PBXFileReference; fileEncoding = 4; lastKnownFileType = sourcecode.c.objc; path = CTItemModel.m; sourceTree = "<group>"; };
		A234F1531990B75E00085D7D /* icon-485.png */ = {isa = PBXFileReference; lastKnownFileType = image.png; path = "icon-485.png"; sourceTree = "<group>"; };
		A234F15B1990CAA900085D7D /* icon_audio@2x.png */ = {isa = PBXFileReference; lastKnownFileType = image.png; path = "icon_audio@2x.png"; sourceTree = "<group>"; };
		A234F15C1990CAA900085D7D /* icon_photo@2x.png */ = {isa = PBXFileReference; lastKnownFileType = image.png; path = "icon_photo@2x.png"; sourceTree = "<group>"; };
		A234F15D1990CAA900085D7D /* icon_video@2x.png */ = {isa = PBXFileReference; lastKnownFileType = image.png; path = "icon_video@2x.png"; sourceTree = "<group>"; };
/* End PBXFileReference section */

/* Begin PBXFrameworksBuildPhase section */
		A234F0EA19908E6700085D7D /* Frameworks */ = {
			isa = PBXFrameworksBuildPhase;
			buildActionMask = 2147483647;
			files = (
				A234F0F319908E6700085D7D /* CoreGraphics.framework in Frameworks */,
				A234F0F519908E6700085D7D /* UIKit.framework in Frameworks */,
				A234F0F119908E6700085D7D /* Foundation.framework in Frameworks */,
			);
			runOnlyForDeploymentPostprocessing = 0;
		};
		A234F10E19908E6800085D7D /* Frameworks */ = {
			isa = PBXFrameworksBuildPhase;
			buildActionMask = 2147483647;
			files = (
				A234F11319908E6800085D7D /* XCTest.framework in Frameworks */,
				A234F11519908E6800085D7D /* UIKit.framework in Frameworks */,
				A234F11419908E6800085D7D /* Foundation.framework in Frameworks */,
			);
			runOnlyForDeploymentPostprocessing = 0;
		};
/* End PBXFrameworksBuildPhase section */

/* Begin PBXGroup section */
		A234F0E419908E6700085D7D = {
			isa = PBXGroup;
			children = (
				A234F0F619908E6700085D7D /* CameraTask */,
				A234F11819908E6800085D7D /* CameraTaskTests */,
				A234F0EF19908E6700085D7D /* Frameworks */,
				A234F0EE19908E6700085D7D /* Products */,
			);
			sourceTree = "<group>";
		};
		A234F0EE19908E6700085D7D /* Products */ = {
			isa = PBXGroup;
			children = (
				A234F0ED19908E6700085D7D /* CameraTask.app */,
				A234F11119908E6800085D7D /* CameraTaskTests.xctest */,
			);
			name = Products;
			sourceTree = "<group>";
		};
		A234F0EF19908E6700085D7D /* Frameworks */ = {
			isa = PBXGroup;
			children = (
				A234F0F019908E6700085D7D /* Foundation.framework */,
				A234F0F219908E6700085D7D /* CoreGraphics.framework */,
				A234F0F419908E6700085D7D /* UIKit.framework */,
				A234F11219908E6800085D7D /* XCTest.framework */,
			);
			name = Frameworks;
			sourceTree = "<group>";
		};
		A234F0F619908E6700085D7D /* CameraTask */ = {
			isa = PBXGroup;
			children = (
				A234F12819909B4700085D7D /* Datas */,
				A234F12919909B4700085D7D /* Globals */,
				A234F12E19909B5C00085D7D /* Images */,
				A234F12A19909B4700085D7D /* Models */,
				A234F12B19909B4700085D7D /* ThirdPartys */,
				A234F12C19909B4700085D7D /* ViewControllers */,
				A234F12D19909B4700085D7D /* Views */,
				A234F0F719908E6800085D7D /* Supporting Files */,
			);
			path = CameraTask;
			sourceTree = "<group>";
		};
		A234F0F719908E6800085D7D /* Supporting Files */ = {
			isa = PBXGroup;
			children = (
				A234F10B19908E6800085D7D /* Images.xcassets */,
				A234F0FF19908E6800085D7D /* AppDelegate.h */,
				A234F10019908E6800085D7D /* AppDelegate.m */,
				A234F10219908E6800085D7D /* Main_iPhone.storyboard */,
				A234F10519908E6800085D7D /* Main_iPad.storyboard */,
				A234F0F819908E6800085D7D /* CameraTask-Info.plist */,
				A234F0F919908E6800085D7D /* InfoPlist.strings */,
				A234F0FC19908E6800085D7D /* main.m */,
				A234F0FE19908E6800085D7D /* CameraTask-Prefix.pch */,
			);
			name = "Supporting Files";
			sourceTree = "<group>";
		};
		A234F11819908E6800085D7D /* CameraTaskTests */ = {
			isa = PBXGroup;
			children = (
				A234F11E19908E6800085D7D /* CameraTaskTests.m */,
				A234F11919908E6800085D7D /* Supporting Files */,
			);
			path = CameraTaskTests;
			sourceTree = "<group>";
		};
		A234F11919908E6800085D7D /* Supporting Files */ = {
			isa = PBXGroup;
			children = (
				A234F11A19908E6800085D7D /* CameraTaskTests-Info.plist */,
				A234F11B19908E6800085D7D /* InfoPlist.strings */,
			);
			name = "Supporting Files";
			sourceTree = "<group>";
		};
		A234F12819909B4700085D7D /* Datas */ = {
			isa = PBXGroup;
			children = (
			);
			path = Datas;
			sourceTree = "<group>";
		};
		A234F12919909B4700085D7D /* Globals */ = {
			isa = PBXGroup;
			children = (
			);
			path = Globals;
			sourceTree = "<group>";
		};
		A234F12A19909B4700085D7D /* Models */ = {
			isa = PBXGroup;
			children = (
				A234F14A1990A84700085D7D /* CTItemModel.h */,
				A234F14B1990A84700085D7D /* CTItemModel.m */,
			);
			path = Models;
			sourceTree = "<group>";
		};
		A234F12B19909B4700085D7D /* ThirdPartys */ = {
			isa = PBXGroup;
			children = (
			);
			path = ThirdPartys;
			sourceTree = "<group>";
		};
		A234F12C19909B4700085D7D /* ViewControllers */ = {
			isa = PBXGroup;
			children = (
				A234F12F1990A27100085D7D /* CTRootTabbarViewController.h */,
				A234F1301990A27100085D7D /* CTRootTabbarViewController.m */,
				A234F1471990A44E00085D7D /* CTRootNavigationController.h */,
				A234F1481990A44E00085D7D /* CTRootNavigationController.m */,
				A234F13E1990A36400085D7D /* CTAudioTableViewController.h */,
				A234F13F1990A36400085D7D /* CTAudioTableViewController.m */,
				A234F1411990A37700085D7D /* CTPhotoTableViewController.h */,
				A234F1421990A37700085D7D /* CTPhotoTableViewController.m */,
				A234F1441990A38500085D7D /* CTVideoTableViewController.h */,
				A234F1451990A38500085D7D /* CTVideoTableViewController.m */,
			);
			path = ViewControllers;
			sourceTree = "<group>";
		};
		A234F12D19909B4700085D7D /* Views */ = {
			isa = PBXGroup;
			children = (
			);
			path = Views;
			sourceTree = "<group>";
		};
		A234F12E19909B5C00085D7D /* Images */ = {
			isa = PBXGroup;
			children = (
				A234F15B1990CAA900085D7D /* icon_audio@2x.png */,
				A234F15C1990CAA900085D7D /* icon_photo@2x.png */,
				A234F15D1990CAA900085D7D /* icon_video@2x.png */,
				A234F1531990B75E00085D7D /* icon-485.png */,
			);
			path = Images;
			sourceTree = "<group>";
		};
/* End PBXGroup section */

/* Begin PBXNativeTarget section */
		A234F0EC19908E6700085D7D /* CameraTask */ = {
			isa = PBXNativeTarget;
			buildConfigurationList = A234F12219908E6800085D7D /* Build configuration list for PBXNativeTarget "CameraTask" */;
			buildPhases = (
				A234F0E919908E6700085D7D /* Sources */,
				A234F0EA19908E6700085D7D /* Frameworks */,
				A234F0EB19908E6700085D7D /* Resources */,
			);
			buildRules = (
			);
			dependencies = (
			);
			name = CameraTask;
			productName = CameraTask;
			productReference = A234F0ED19908E6700085D7D /* CameraTask.app */;
			productType = "com.apple.product-type.application";
		};
		A234F11019908E6800085D7D /* CameraTaskTests */ = {
			isa = PBXNativeTarget;
			buildConfigurationList = A234F12519908E6800085D7D /* Build configuration list for PBXNativeTarget "CameraTaskTests" */;
			buildPhases = (
				A234F10D19908E6800085D7D /* Sources */,
				A234F10E19908E6800085D7D /* Frameworks */,
				A234F10F19908E6800085D7D /* Resources */,
			);
			buildRules = (
			);
			dependencies = (
				A234F11719908E6800085D7D /* PBXTargetDependency */,
			);
			name = CameraTaskTests;
			productName = CameraTaskTests;
			productReference = A234F11119908E6800085D7D /* CameraTaskTests.xctest */;
			productType = "com.apple.product-type.bundle.unit-test";
		};
/* End PBXNativeTarget section */

/* Begin PBXProject section */
		A234F0E519908E6700085D7D /* Project object */ = {
			isa = PBXProject;
			attributes = {
				LastUpgradeCheck = 0510;
				ORGANIZATIONNAME = vencoo;
				TargetAttributes = {
					A234F11019908E6800085D7D = {
						TestTargetID = A234F0EC19908E6700085D7D;
					};
				};
			};
			buildConfigurationList = A234F0E819908E6700085D7D /* Build configuration list for PBXProject "CameraTask" */;
			compatibilityVersion = "Xcode 3.2";
			developmentRegion = English;
			hasScannedForEncodings = 0;
			knownRegions = (
				en,
				Base,
			);
			mainGroup = A234F0E419908E6700085D7D;
			productRefGroup = A234F0EE19908E6700085D7D /* Products */;
			projectDirPath = "";
			projectRoot = "";
			targets = (
				A234F0EC19908E6700085D7D /* CameraTask */,
				A234F11019908E6800085D7D /* CameraTaskTests */,
			);
		};
/* End PBXProject section */

/* Begin PBXResourcesBuildPhase section */
		A234F0EB19908E6700085D7D /* Resources */ = {
			isa = PBXResourcesBuildPhase;
			buildActionMask = 2147483647;
			files = (
				A234F10719908E6800085D7D /* Main_iPad.storyboard in Resources */,
				A234F10C19908E6800085D7D /* Images.xcassets in Resources */,
				A234F10419908E6800085D7D /* Main_iPhone.storyboard in Resources */,
				A234F1541990B75E00085D7D /* icon-485.png in Resources */,
				A234F15F1990CAA900085D7D /* icon_photo@2x.png in Resources */,
				A234F1601990CAA900085D7D /* icon_video@2x.png in Resources */,
				A234F15E1990CAA900085D7D /* icon_audio@2x.png in Resources */,
				A234F0FB19908E6800085D7D /* InfoPlist.strings in Resources */,
			);
			runOnlyForDeploymentPostprocessing = 0;
		};
		A234F10F19908E6800085D7D /* Resources */ = {
			isa = PBXResourcesBuildPhase;
			buildActionMask = 2147483647;
			files = (
				A234F11D19908E6800085D7D /* InfoPlist.strings in Resources */,
			);
			runOnlyForDeploymentPostprocessing = 0;
		};
/* End PBXResourcesBuildPhase section */

/* Begin PBXSourcesBuildPhase section */
		A234F0E919908E6700085D7D /* Sources */ = {
			isa = PBXSourcesBuildPhase;
			buildActionMask = 2147483647;
			files = (
				A234F1491990A44E00085D7D /* CTRootNavigationController.m in Sources */,
				A234F1431990A37700085D7D /* CTPhotoTableViewController.m in Sources */,
				A234F1311990A27100085D7D /* CTRootTabbarViewController.m in Sources */,
				A234F1461990A38500085D7D /* CTVideoTableViewController.m in Sources */,
				A234F10119908E6800085D7D /* AppDelegate.m in Sources */,
				A234F0FD19908E6800085D7D /* main.m in Sources */,
				A234F1401990A36400085D7D /* CTAudioTableViewController.m in Sources */,
				A234F14C1990A84700085D7D /* CTItemModel.m in Sources */,
			);
			runOnlyForDeploymentPostprocessing = 0;
		};
		A234F10D19908E6800085D7D /* Sources */ = {
			isa = PBXSourcesBuildPhase;
			buildActionMask = 2147483647;
			files = (
				A234F11F19908E6800085D7D /* CameraTaskTests.m in Sources */,
			);
			runOnlyForDeploymentPostprocessing = 0;
		};
/* End PBXSourcesBuildPhase section */

/* Begin PBXTargetDependency section */
		A234F11719908E6800085D7D /* PBXTargetDependency */ = {
			isa = PBXTargetDependency;
			target = A234F0EC19908E6700085D7D /* CameraTask */;
			targetProxy = A234F11619908E6800085D7D /* PBXContainerItemProxy */;
		};
/* End PBXTargetDependency section */

/* Begin PBXVariantGroup section */
		A234F0F919908E6800085D7D /* InfoPlist.strings */ = {
			isa = PBXVariantGroup;
			children = (
				A234F0FA19908E6800085D7D /* en */,
			);
			name = InfoPlist.strings;
			sourceTree = "<group>";
		};
		A234F10219908E6800085D7D /* Main_iPhone.storyboard */ = {
			isa = PBXVariantGroup;
			children = (
				A234F10319908E6800085D7D /* Base */,
			);
			name = Main_iPhone.storyboard;
			sourceTree = "<group>";
		};
		A234F10519908E6800085D7D /* Main_iPad.storyboard */ = {
			isa = PBXVariantGroup;
			children = (
				A234F10619908E6800085D7D /* Base */,
			);
			name = Main_iPad.storyboard;
			sourceTree = "<group>";
		};
		A234F11B19908E6800085D7D /* InfoPlist.strings */ = {
			isa = PBXVariantGroup;
			children = (
				A234F11C19908E6800085D7D /* en */,
			);
			name = InfoPlist.strings;
			sourceTree = "<group>";
		};
/* End PBXVariantGroup section */

/* Begin XCBuildConfiguration section */
		A234F12019908E6800085D7D /* Debug */ = {
			isa = XCBuildConfiguration;
			buildSettings = {
				ALWAYS_SEARCH_USER_PATHS = NO;
				CLANG_CXX_LANGUAGE_STANDARD = "gnu++0x";
				CLANG_CXX_LIBRARY = "libc++";
				CLANG_ENABLE_MODULES = YES;
				CLANG_ENABLE_OBJC_ARC = YES;
				CLANG_WARN_BOOL_CONVERSION = YES;
				CLANG_WARN_CONSTANT_CONVERSION = YES;
				CLANG_WARN_DIRECT_OBJC_ISA_USAGE = YES_ERROR;
				CLANG_WARN_EMPTY_BODY = YES;
				CLANG_WARN_ENUM_CONVERSION = YES;
				CLANG_WARN_INT_CONVERSION = YES;
				CLANG_WARN_OBJC_ROOT_CLASS = YES_ERROR;
				CLANG_WARN__DUPLICATE_METHOD_MATCH = YES;
				"CODE_SIGN_IDENTITY[sdk=iphoneos*]" = "iPhone Developer";
				COPY_PHASE_STRIP = NO;
				GCC_C_LANGUAGE_STANDARD = gnu99;
				GCC_DYNAMIC_NO_PIC = NO;
				GCC_OPTIMIZATION_LEVEL = 0;
				GCC_PREPROCESSOR_DEFINITIONS = (
					"DEBUG=1",
					"$(inherited)",
				);
				GCC_SYMBOLS_PRIVATE_EXTERN = NO;
				GCC_WARN_64_TO_32_BIT_CONVERSION = YES;
				GCC_WARN_ABOUT_RETURN_TYPE = YES_ERROR;
				GCC_WARN_UNDECLARED_SELECTOR = YES;
				GCC_WARN_UNINITIALIZED_AUTOS = YES_AGGRESSIVE;
				GCC_WARN_UNUSED_FUNCTION = YES;
				GCC_WARN_UNUSED_VARIABLE = YES;
				IPHONEOS_DEPLOYMENT_TARGET = 7.1;
				ONLY_ACTIVE_ARCH = YES;
				SDKROOT = iphoneos;
				TARGETED_DEVICE_FAMILY = "1,2";
			};
			name = Debug;
		};
		A234F12119908E6800085D7D /* Release */ = {
			isa = XCBuildConfiguration;
			buildSettings = {
				ALWAYS_SEARCH_USER_PATHS = NO;
				CLANG_CXX_LANGUAGE_STANDARD = "gnu++0x";
				CLANG_CXX_LIBRARY = "libc++";
				CLANG_ENABLE_MODULES = YES;
				CLANG_ENABLE_OBJC_ARC = YES;
				CLANG_WARN_BOOL_CONVERSION = YES;
				CLANG_WARN_CONSTANT_CONVERSION = YES;
				CLANG_WARN_DIRECT_OBJC_ISA_USAGE = YES_ERROR;
				CLANG_WARN_EMPTY_BODY = YES;
				CLANG_WARN_ENUM_CONVERSION = YES;
				CLANG_WARN_INT_CONVERSION = YES;
				CLANG_WARN_OBJC_ROOT_CLASS = YES_ERROR;
				CLANG_WARN__DUPLICATE_METHOD_MATCH = YES;
				"CODE_SIGN_IDENTITY[sdk=iphoneos*]" = "iPhone Developer";
				COPY_PHASE_STRIP = YES;
				ENABLE_NS_ASSERTIONS = NO;
				GCC_C_LANGUAGE_STANDARD = gnu99;
				GCC_WARN_64_TO_32_BIT_CONVERSION = YES;
				GCC_WARN_ABOUT_RETURN_TYPE = YES_ERROR;
				GCC_WARN_UNDECLARED_SELECTOR = YES;
				GCC_WARN_UNINITIALIZED_AUTOS = YES_AGGRESSIVE;
				GCC_WARN_UNUSED_FUNCTION = YES;
				GCC_WARN_UNUSED_VARIABLE = YES;
				IPHONEOS_DEPLOYMENT_TARGET = 7.1;
				SDKROOT = iphoneos;
				TARGETED_DEVICE_FAMILY = "1,2";
				VALIDATE_PRODUCT = YES;
			};
			name = Release;
		};
		A234F12319908E6800085D7D /* Debug */ = {
			isa = XCBuildConfiguration;
			buildSettings = {
				ASSETCATALOG_COMPILER_APPICON_NAME = AppIcon;
				ASSETCATALOG_COMPILER_LAUNCHIMAGE_NAME = LaunchImage;
				GCC_PRECOMPILE_PREFIX_HEADER = YES;
				GCC_PREFIX_HEADER = "CameraTask/CameraTask-Prefix.pch";
				INFOPLIST_FILE = "CameraTask/CameraTask-Info.plist";
				PRODUCT_NAME = "$(TARGET_NAME)";
				WRAPPER_EXTENSION = app;
			};
			name = Debug;
		};
		A234F12419908E6800085D7D /* Release */ = {
			isa = XCBuildConfiguration;
			buildSettings = {
				ASSETCATALOG_COMPILER_APPICON_NAME = AppIcon;
				ASSETCATALOG_COMPILER_LAUNCHIMAGE_NAME = LaunchImage;
				GCC_PRECOMPILE_PREFIX_HEADER = YES;
				GCC_PREFIX_HEADER = "CameraTask/CameraTask-Prefix.pch";
				INFOPLIST_FILE = "CameraTask/CameraTask-Info.plist";
				PRODUCT_NAME = "$(TARGET_NAME)";
				WRAPPER_EXTENSION = app;
			};
			name = Release;
		};
		A234F12619908E6800085D7D /* Debug */ = {
			isa = XCBuildConfiguration;
			buildSettings = {
				BUNDLE_LOADER = "$(BUILT_PRODUCTS_DIR)/CameraTask.app/CameraTask";
				FRAMEWORK_SEARCH_PATHS = (
					"$(SDKROOT)/Developer/Library/Frameworks",
					"$(inherited)",
					"$(DEVELOPER_FRAMEWORKS_DIR)",
				);
				GCC_PRECOMPILE_PREFIX_HEADER = YES;
				GCC_PREFIX_HEADER = "CameraTask/CameraTask-Prefix.pch";
				GCC_PREPROCESSOR_DEFINITIONS = (
					"DEBUG=1",
					"$(inherited)",
				);
				INFOPLIST_FILE = "CameraTaskTests/CameraTaskTests-Info.plist";
				PRODUCT_NAME = "$(TARGET_NAME)";
				TEST_HOST = "$(BUNDLE_LOADER)";
				WRAPPER_EXTENSION = xctest;
			};
			name = Debug;
		};
		A234F12719908E6800085D7D /* Release */ = {
			isa = XCBuildConfiguration;
			buildSettings = {
				BUNDLE_LOADER = "$(BUILT_PRODUCTS_DIR)/CameraTask.app/CameraTask";
				FRAMEWORK_SEARCH_PATHS = (
					"$(SDKROOT)/Developer/Library/Frameworks",
					"$(inherited)",
					"$(DEVELOPER_FRAMEWORKS_DIR)",
				);
				GCC_PRECOMPILE_PREFIX_HEADER = YES;
				GCC_PREFIX_HEADER = "CameraTask/CameraTask-Prefix.pch";
				INFOPLIST_FILE = "CameraTaskTests/CameraTaskTests-Info.plist";
				PRODUCT_NAME = "$(TARGET_NAME)";
				TEST_HOST = "$(BUNDLE_LOADER)";
				WRAPPER_EXTENSION = xctest;
			};
			name = Release;
		};
/* End XCBuildConfiguration section */

/* Begin XCConfigurationList section */
		A234F0E819908E6700085D7D /* Build configuration list for PBXProject "CameraTask" */ = {
			isa = XCConfigurationList;
			buildConfigurations = (
				A234F12019908E6800085D7D /* Debug */,
				A234F12119908E6800085D7D /* Release */,
			);
			defaultConfigurationIsVisible = 0;
			defaultConfigurationName = Release;
		};
		A234F12219908E6800085D7D /* Build configuration list for PBXNativeTarget "CameraTask" */ = {
			isa = XCConfigurationList;
			buildConfigurations = (
				A234F12319908E6800085D7D /* Debug */,
				A234F12419908E6800085D7D /* Release */,
			);
			defaultConfigurationIsVisible = 0;
			defaultConfigurationName = Release;
		};
		A234F12519908E6800085D7D /* Build configuration list for PBXNativeTarget "CameraTaskTests" */ = {
			isa = XCConfigurationList;
			buildConfigurations = (
				A234F12619908E6800085D7D /* Debug */,
				A234F12719908E6800085D7D /* Release */,
			);
			defaultConfigurationIsVisible = 0;
			defaultConfigurationName = Release;
		};
/* End XCConfigurationList section */
	};
	rootObject = A234F0E519908E6700085D7D /* Project object */;
}
